
Microsoft Visual Studio Solution File, Format Version 12.00
# Visual Studio Version 17
VisualStudioVersion = 17.4.33213.308
MinimumVisualStudioVersion = 10.0.40219.1
Project("{2150E333-8FDC-42A3-9474-1A3956D46DE8}") = "Documentation", "Documentation", "{E07D234C-DD39-44C2-AE5A-745CC0FA9410}"
	ProjectSection(SolutionItems) = preProject
		LICENSE = LICENSE
		README.md = README.md
		Third Party License.md = Third Party License.md
	EndProjectSection
EndProject
Project("{9A19103F-16F7-4668-BE54-9A1E7A4F7556}") = "AppSpaces.App", "AppSpaces.App\AppSpaces.App.csproj", "{28C8C54B-21BF-411B-900D-77D99204D2C8}"
EndProject
Global
	GlobalSection(SolutionConfigurationPlatforms) = preSolution
		Debug|Any CPU = Debug|Any CPU
		Debug|ARM64 = Debug|ARM64
		Debug|x64 = Debug|x64
		Debug|x86 = Debug|x86
		Release|Any CPU = Release|Any CPU
		Release|ARM64 = Release|ARM64
		Release|x64 = Release|x64
		Release|x86 = Release|x86
	EndGlobalSection
	GlobalSection(ProjectConfigurationPlatforms) = postSolution
		{28C8C54B-21BF-411B-900D-77D99204D2C8}.Debug|Any CPU.ActiveCfg = Debug|Any CPU
		{28C8C54B-21BF-411B-900D-77D99204D2C8}.Debug|Any CPU.Build.0 = Debug|Any CPU
		{28C8C54B-21BF-411B-900D-77D99204D2C8}.Debug|ARM64.ActiveCfg = Debug|Any CPU
		{28C8C54B-21BF-411B-900D-77D99204D2C8}.Debug|ARM64.Build.0 = Debug|Any CPU
		{28C8C54B-21BF-411B-900D-77D99204D2C8}.Debug|x64.ActiveCfg = Debug|Any CPU
		{28C8C54B-21BF-411B-900D-77D99204D2C8}.Debug|x64.Build.0 = Debug|Any CPU
		{28C8C54B-21BF-411B-900D-77D99204D2C8}.Debug|x86.ActiveCfg = Debug|Any CPU
		{28C8C54B-21BF-411B-900D-77D99204D2C8}.Debug|x86.Build.0 = Debug|Any CPU
		{28C8C54B-21BF-411B-900D-77D99204D2C8}.Release|Any CPU.ActiveCfg = Release|Any CPU
		{28C8C54B-21BF-411B-900D-77D99204D2C8}.Release|Any CPU.Build.0 = Release|Any CPU
		{28C8C54B-21BF-411B-900D-77D99204D2C8}.Release|ARM64.ActiveCfg = Release|Any CPU
		{28C8C54B-21BF-411B-900D-77D99204D2C8}.Release|ARM64.Build.0 = Release|Any CPU
		{28C8C54B-21BF-411B-900D-77D99204D2C8}.Release|x64.ActiveCfg = Release|Any CPU
		{28C8C54B-21BF-411B-900D-77D99204D2C8}.Release|x64.Build.0 = Release|Any CPU
		{28C8C54B-21BF-411B-900D-77D99204D2C8}.Release|x86.ActiveCfg = Release|Any CPU
		{28C8C54B-21BF-411B-900D-77D99204D2C8}.Release|x86.Build.0 = Release|Any CPU
	EndGlobalSection
	GlobalSection(SolutionProperties) = preSolution
		HideSolutionNode = FALSE
	EndGlobalSection
	GlobalSection(ExtensibilityGlobals) = postSolution
		SolutionGuid = {ACF783D0-4A3C-4BF0-A6D5-2A8E4823797C}
	EndGlobalSection
EndGlobal
